
Microsoft Visual Studio Solution File, Format Version 12.00
# Visual Studio Version 17
VisualStudioVersion = 17.7.34031.279
MinimumVisualStudioVersion = 10.0.40219.1
Project("{FAE04EC0-301F-11D3-BF4B-00C04F79EFBC}") = "PokemonReviewApp", "PokemonReviewApp\PokemonReviewApp.csproj", "{BE5B458B-8F45-4A82-8398-9A498BDCCA25}"
EndProject
Global
	GlobalSection(SolutionConfigurationPlatforms) = preSolution
		Debug|Any CPU = Debug|Any CPU
		Release|Any CPU = Release|Any CPU
	EndGlobalSection
	GlobalSection(ProjectConfigurationPlatforms) = postSolution
		{BE5B458B-8F45-4A82-8398-9A498BDCCA25}.Debug|Any CPU.ActiveCfg = Debug|Any CPU
		{BE5B458B-8F45-4A82-8398-9A498BDCCA25}.Debug|Any CPU.Build.0 = Debug|Any CPU
		{BE5B458B-8F45-4A82-8398-9A498BDCCA25}.Release|Any CPU.ActiveCfg = Release|Any CPU
		{BE5B458B-8F45-4A82-8398-9A498BDCCA25}.Release|Any CPU.Build.0 = Release|Any CPU
	EndGlobalSection
	GlobalSection(SolutionProperties) = preSolution
		HideSolutionNode = FALSE
	EndGlobalSection
	GlobalSection(ExtensibilityGlobals) = postSolution
		SolutionGuid = {1F314783-EDE8-44B1-816F-F583A1985514}
	EndGlobalSection
EndGlobal
